# This file is autogenerated, do not edit; changes may be undone by the next 'dep ensure'.


[[projects]]
  name = "github.com/Shopify/sarama"
  packages = ["."]
  revision = "240fd146ce68bcafb034cc5dc977229ffbafa8ea"
  version = "v1.14.0"

[[projects]]
  name = "github.com/Sirupsen/logrus"
  packages = ["."]
  revision = "89742aefa4b206dcf400792f3bd35b542998eb3b"

[[projects]]
  name = "github.com/TIBCOSoftware/flogo-contrib"
  packages = [
    "action/flow",
    "action/flow/definition",
    "action/flow/extension",
    "action/flow/instance",
    "action/flow/model",
    "action/flow/provider",
    "action/flow/script/fggos",
    "action/flow/service",
    "action/flow/support",
    "action/flow/tester",
    "action/flow/linker",
    "action/flow/model/simple",
    "action/flow/util",
    "activity/kafkapub",
    "activity/log",
    "model/simple",
    "model/simple/behaviors",
    "trigger/rest",
    "trigger/rest/cors"
  ]
  revision = "b9a1275df489a54ef85f1628949ceedefefd65c1"
  version = "v0.5.2"

[[projects]]
  name = "github.com/TIBCOSoftware/flogo-lib"
  packages = [
    "app",
    "app/resource",
    "config",
    "core/action",
    "core/activity",
    "core/data",
    "core/mapper",
    "core/mapper/exprmapper",
    "core/mapper/exprmapper/expression",
    "core/mapper/exprmapper/expression/function",
    "core/mapper/exprmapper/expression/expr",
    "core/mapper/exprmapper/expression/gocc/lexer",
    "core/mapper/exprmapper/expression/gocc/parser",
    "core/mapper/exprmapper/expression/direction",
    "core/mapper/exprmapper/expression/gocc/errors",
    "core/mapper/exprmapper/expression/gocc/token",
    "core/mapper/exprmapper/funcexprtype",
    "core/mapper/exprmapper/json",
    "core/mapper/exprmapper/json/field",
    "core/mapper/exprmapper/ref",
    "core/property",
    "core/trigger",
    "engine",
    "engine/runner",
    "logger",
    "util",
    "util/managed"
  ]
  revision = "14ecc2c23809d781ec0855fa72725fe4517f84c1"
  version = "v0.5.2"
  
[[projects]]
  name = "github.com/davecgh/go-spew"
  packages = ["spew"]
  revision = "ecdeabc65495df2dec95d7c4a4c3e021903035e5"

[[projects]]
  name = "github.com/eapache/go-resiliency"
  packages = ["breaker"]
  revision = "b1fe83b5b03f624450823b751b662259ffc6af70"

[[projects]]
  branch = "master"
  name = "github.com/eapache/go-xerial-snappy"
  packages = ["."]
  revision = "bb955e01b9346ac19dc29eb16586c90ded99a98c"

[[projects]]
  name = "github.com/eapache/queue"
  packages = ["."]
  revision = "44cc805cf13205b55f69e14bcb69867d1ae92f98"
  version = "v1.1.0"

[[projects]]
  branch = "master"
  name = "github.com/golang/snappy"
  packages = ["."]
  revision = "553a641470496b2327abcac10b36396bd98e45c9"

[[projects]]
  branch = "master"
  name = "github.com/japm/goScript"
  packages = ["."]
  revision = "caab90145b05376536bbab332312f4812123e197"

[[projects]]
  branch = "master"
  name = "github.com/julienschmidt/httprouter"
  packages = ["."]
  revision = "e1b9828bc9e5904baec057a154c09ca40fe7fae0"

[[projects]]
  name = "github.com/pierrec/lz4"
  packages = ["."]
  revision = "08c27939df1bd95e881e2c2367a749964ad1fceb"
  version = "v1.0.1"

[[projects]]
  branch = "master"
  name = "github.com/pierrec/xxHash"
  packages = ["xxHash32"]
  revision = "a0006b13c722f7f12368c00a3d3c2ae8a999a0c6"

[[projects]]
  name = "github.com/rcrowley/go-metrics"
  packages = ["."]
  revision = "1f30fe9094a513ce4c700b9a54458bbb0c96996c"

[[projects]]
  name = "golang.org/x/crypto"
  packages = ["ssh/terminal"]
  revision = "9f005a07e0d31d45e6656d241bb5c0f2efd4bc94"

[[projects]]
  name = "golang.org/x/sys"
  packages = [
    "unix",
    "windows"
  ]
  revision = "0dd5e194bbf5eb84a39666eb4c98a4d007e4203a"

[solve-meta]
  analyzer-name = "dep"
  analyzer-version = 1
  inputs-digest = "a2ca21b3212e106d3137eb09f2d652b8eee47c58dcefd174f20447e821fc73bb"
  solver-name = "gps-cdcl"
  solver-version = 1
