# This file is autogenerated, do not edit; changes may be undone by the next 'dep ensure'.


[[projects]]
  branch = "master"
  name = "github.com/NodePrime/jsonpath"
  packages = ["."]
  revision = "84403ded544328c99be3472727667179eef23a91"

[[projects]]
  branch = "master"
  name = "github.com/Shopify/sarama"
  packages = ["."]
  revision = "3d1fae12e48b5ef9b6a06a32c2451268345a0d00"

[[projects]]
  branch = "master"
  name = "github.com/Sirupsen/logrus"
  packages = ["."]
  revision = "8c0189d9f6bbf301e5d055d34268156b317016af"

[[projects]]
  branch = "master"
  name = "github.com/TIBCOSoftware/flogo-cli"
  packages = [
    "config",
    "env",
    "util"
  ]
  revision = "acb086b11e5f9cf35ab213e0e6a595e08d1ac839"

[[projects]]
  branch = "master"
  name = "github.com/TIBCOSoftware/flogo-contrib"
  packages = [
    "action/flow",
    "action/flow/definition",
    "action/flow/extension",
    "action/flow/instance",
    "action/flow/model",
    "action/flow/provider",
    "action/flow/script/fggos",
    "action/flow/service",
    "action/flow/support",
    "action/flow/tester",
    "activity/log",
    "activity/reply",
    "model/simple",
    "trigger/rest/cors"
  ]
  revision = "be72f907e3908b6b986715739e8a4d022129da37"

[[projects]]
  name = "github.com/TIBCOSoftware/flogo-lib"
  packages = [
    "app",
    "config",
    "core/action",
    "core/activity",
    "core/data",
    "core/mapper",
    "core/trigger",
    "engine",
    "engine/runner",
    "logger",
    "util"
  ]
  revision = "2b805c0105ea1c260484a671b0afcafe3c7b83a5"
  version = "v0.5.1"

[[projects]]
  branch = "master"
  name = "github.com/TIBCOSoftware/mashling"
  packages = [
    "ext/flogo/activity/rest",
    "ext/flogo/activity/tracer",
    "ext/flogo/trigger/gorillamuxtrigger",
    "lib/conditions",
    "lib/util"
  ]
  revision = "0c839e1215b115eaf68f204c8515ec97faffdc8c"

[[projects]]
  branch = "master"
  name = "github.com/apache/thrift"
  packages = ["lib/go/thrift"]
  revision = "d907cc92db5b93e699a4282e979d097ea863215a"

[[projects]]
  branch = "master"
  name = "github.com/davecgh/go-spew"
  packages = ["spew"]
  revision = "87df7c60d5820d0f8ae11afede5aa52325c09717"

[[projects]]
  branch = "master"
  name = "github.com/eapache/go-resiliency"
  packages = ["breaker"]
  revision = "ef9aaa7ea8bd2448429af1a77cf41b2b3b34bdd6"

[[projects]]
  branch = "master"
  name = "github.com/eapache/go-xerial-snappy"
  packages = ["."]
  revision = "bb955e01b9346ac19dc29eb16586c90ded99a98c"

[[projects]]
  name = "github.com/eapache/queue"
  packages = ["."]
  revision = "44cc805cf13205b55f69e14bcb69867d1ae92f98"
  version = "v1.1.0"

[[projects]]
  name = "github.com/go-logfmt/logfmt"
  packages = ["."]
  revision = "390ab7935ee28ec6b286364bba9b4dd6410cb3d5"
  version = "v0.3.0"

[[projects]]
  branch = "master"
  name = "github.com/gogo/protobuf"
  packages = [
    "io",
    "proto"
  ]
  revision = "b75782e777cfa7ca469bc46cc313ddd26e6e9d1c"

[[projects]]
  branch = "master"
  name = "github.com/golang/protobuf"
  packages = [
    "proto",
    "protoc-gen-go/descriptor",
    "ptypes",
    "ptypes/any",
    "ptypes/duration",
    "ptypes/timestamp"
  ]
  revision = "bbd03ef6da3a115852eaf24c8a1c46aeb39aa175"

[[projects]]
  branch = "master"
  name = "github.com/golang/snappy"
  packages = ["."]
  revision = "553a641470496b2327abcac10b36396bd98e45c9"

[[projects]]
  name = "github.com/gorilla/context"
  packages = ["."]
  revision = "1ea25387ff6f684839d82767c1733ff4d4d15d0a"
  version = "v1.1"

[[projects]]
  branch = "master"
  name = "github.com/gorilla/mux"
  packages = ["."]
  revision = "c0091a029979286890368b4c7b301261e448e242"

[[projects]]
  branch = "master"
  name = "github.com/japm/goScript"
  packages = ["."]
  revision = "caab90145b05376536bbab332312f4812123e197"

[[projects]]
  branch = "master"
  name = "github.com/julienschmidt/httprouter"
  packages = ["."]
  revision = "e1b9828bc9e5904baec057a154c09ca40fe7fae0"

[[projects]]
  branch = "master"
  name = "github.com/kr/logfmt"
  packages = ["."]
  revision = "b84e30acd515aadc4b783ad4ff83aff3299bdfe0"

[[projects]]
  branch = "master"
  name = "github.com/lightstep/lightstep-tracer-go"
  packages = [
    ".",
    "collectorpb",
    "lightstep_thrift",
    "lightsteppb",
    "thrift_0_9_2/lib/go/thrift"
  ]
  revision = "d4a33999738dbeb740fe8a5d7ab3c9bfd5c65924"

[[projects]]
  branch = "master"
  name = "github.com/opentracing-contrib/go-observer"
  packages = ["."]
  revision = "a52f2342449246d5bcc273e65cbdcfa5f7d6c63c"

[[projects]]
  branch = "master"
  name = "github.com/opentracing/basictracer-go"
  packages = [
    ".",
    "wire"
  ]
  revision = "7be4bbce182d33e50e45b8dd991014c9a7afaad4"

[[projects]]
  name = "github.com/opentracing/opentracing-go"
  packages = [
    ".",
    "ext",
    "log"
  ]
  revision = "1949ddbfd147afd4d964a9f00b24eb291e0e7c38"
  version = "v1.0.2"

[[projects]]
  branch = "master"
  name = "github.com/openzipkin/zipkin-go-opentracing"
  packages = [
    ".",
    "flag",
    "thrift/gen-go/scribe",
    "thrift/gen-go/zipkincore",
    "types",
    "wire"
  ]
  revision = "4c9fbcbd6d73a644fd17214fe475296780c68fb5"

[[projects]]
  branch = "master"
  name = "github.com/pierrec/lz4"
  packages = ["."]
  revision = "ed8d4cc3b461464e69798080a0092bd028910298"

[[projects]]
  branch = "master"
  name = "github.com/pierrec/xxHash"
  packages = ["xxHash32"]
  revision = "a0006b13c722f7f12368c00a3d3c2ae8a999a0c6"

[[projects]]
  branch = "master"
  name = "github.com/pkg/errors"
  packages = ["."]
  revision = "30136e27e2ac8d167177e8a583aa4c3fea5be833"

[[projects]]
  branch = "master"
  name = "github.com/rcrowley/go-metrics"
  packages = ["."]
  revision = "8732c616f52954686704c8645fe1a9d59e9df7c1"

[[projects]]
  branch = "master"
  name = "golang.org/x/crypto"
  packages = ["ssh/terminal"]
  revision = "432090b8f568c018896cd8a0fb0345872bbac6ce"

[[projects]]
  branch = "master"
  name = "golang.org/x/net"
  packages = [
    "context",
    "http2",
    "http2/hpack",
    "idna",
    "internal/timeseries",
    "lex/httplex",
    "trace"
  ]
  revision = "cbe0f9307d0156177f9dd5dc85da1a31abc5f2fb"

[[projects]]
  branch = "master"
  name = "golang.org/x/sys"
  packages = [
    "unix",
    "windows"
  ]
  revision = "37707fdb30a5b38865cfb95e5aab41707daec7fd"

[[projects]]
  branch = "master"
  name = "golang.org/x/text"
  packages = [
    "collate",
    "collate/build",
    "internal/colltab",
    "internal/gen",
    "internal/tag",
    "internal/triegen",
    "internal/ucd",
    "language",
    "secure/bidirule",
    "transform",
    "unicode/bidi",
    "unicode/cldr",
    "unicode/norm",
    "unicode/rangetable"
  ]
  revision = "4e4a3210bb54bb31f6ab2cdca2edcc0b50c420c1"

[[projects]]
  branch = "master"
  name = "google.golang.org/genproto"
  packages = [
    "googleapis/api/annotations",
    "googleapis/rpc/status"
  ]
  revision = "2b5a72b8730b0b16380010cfe5286c42108d88e7"

[[projects]]
  name = "google.golang.org/grpc"
  packages = [
    ".",
    "balancer",
    "balancer/base",
    "balancer/roundrobin",
    "codes",
    "connectivity",
    "credentials",
    "encoding",
    "encoding/proto",
    "grpclb/grpc_lb_v1/messages",
    "grpclog",
    "internal",
    "keepalive",
    "metadata",
    "naming",
    "peer",
    "resolver",
    "resolver/dns",
    "resolver/passthrough",
    "stats",
    "status",
    "tap",
    "transport"
  ]
  revision = "8e4536a86ab602859c20df5ebfd0bd4228d08655"
  version = "v1.10.0"

[[projects]]
  branch = "master"
  name = "sourcegraph.com/sourcegraph/appdash"
  packages = [
    ".",
    "internal/wire",
    "opentracing"
  ]
  revision = "2cc67fd647551af94593ecaaa89fe4e5b2940a3e"

[solve-meta]
  analyzer-name = "dep"
  analyzer-version = 1
  inputs-digest = "fe6b579bd5a119385841635d876498d156d8d0021a53d8a69f5df54e3f97d6e4"
  solver-name = "gps-cdcl"
  solver-version = 1
